
Microsoft Visual Studio Solution File, Format Version 12.00
Project("{FAE04EC0-301F-11D3-BF4B-00C04F79EFBC}") = "TimescaleService", "TimescaleService\TimescaleService.csproj", "{F2E95495-7ED1-4F03-8883-3434FAD975D9}"
EndProject
Project("{FAE04EC0-301F-11D3-BF4B-00C04F79EFBC}") = "WebApiTests", "WebApiTests\WebApiTests.csproj", "{C5B3B96E-750F-41C0-B5AF-BEBBFA95062C}"
EndProject
Global
	GlobalSection(SolutionConfigurationPlatforms) = preSolution
		Debug|Any CPU = Debug|Any CPU
		Release|Any CPU = Release|Any CPU
	EndGlobalSection
	GlobalSection(ProjectConfigurationPlatforms) = postSolution
		{F2E95495-7ED1-4F03-8883-3434FAD975D9}.Debug|Any CPU.ActiveCfg = Debug|Any CPU
		{F2E95495-7ED1-4F03-8883-3434FAD975D9}.Debug|Any CPU.Build.0 = Debug|Any CPU
		{F2E95495-7ED1-4F03-8883-3434FAD975D9}.Release|Any CPU.ActiveCfg = Release|Any CPU
		{F2E95495-7ED1-4F03-8883-3434FAD975D9}.Release|Any CPU.Build.0 = Release|Any CPU
		{C5B3B96E-750F-41C0-B5AF-BEBBFA95062C}.Debug|Any CPU.ActiveCfg = Debug|Any CPU
		{C5B3B96E-750F-41C0-B5AF-BEBBFA95062C}.Debug|Any CPU.Build.0 = Debug|Any CPU
		{C5B3B96E-750F-41C0-B5AF-BEBBFA95062C}.Release|Any CPU.ActiveCfg = Release|Any CPU
		{C5B3B96E-750F-41C0-B5AF-BEBBFA95062C}.Release|Any CPU.Build.0 = Release|Any CPU
	EndGlobalSection
EndGlobal
